
Microsoft Visual Studio Solution File, Format Version 12.00
# Visual Studio Version 17
VisualStudioVersion = 17.5.002.0
MinimumVisualStudioVersion = 10.0.40219.1
Project("{9A19103F-16F7-4668-BE54-9A1E7A4F7556}") = "WebApplication_Movie", "WebApplication_Movie.csproj", "{550FF138-4594-40BF-81A8-A89E6E93CFD8}"
EndProject
Global
	GlobalSection(SolutionConfigurationPlatforms) = preSolution
		Debug|Any CPU = Debug|Any CPU
		Release|Any CPU = Release|Any CPU
	EndGlobalSection
	GlobalSection(ProjectConfigurationPlatforms) = postSolution
		{550FF138-4594-40BF-81A8-A89E6E93CFD8}.Debug|Any CPU.ActiveCfg = Debug|Any CPU
		{550FF138-4594-40BF-81A8-A89E6E93CFD8}.Debug|Any CPU.Build.0 = Debug|Any CPU
		{550FF138-4594-40BF-81A8-A89E6E93CFD8}.Release|Any CPU.ActiveCfg = Release|Any CPU
		{550FF138-4594-40BF-81A8-A89E6E93CFD8}.Release|Any CPU.Build.0 = Release|Any CPU
	EndGlobalSection
	GlobalSection(SolutionProperties) = preSolution
		HideSolutionNode = FALSE
	EndGlobalSection
	GlobalSection(ExtensibilityGlobals) = postSolution
		SolutionGuid = {66D96E0C-BD69-4368-90B7-B8D6C8CDA07A}
	EndGlobalSection
EndGlobal
